
Microsoft Visual Studio Solution File, Format Version 12.00
# Visual Studio Version 17
VisualStudioVersion = 17.5.002.0
MinimumVisualStudioVersion = 10.0.40219.1
Project("{9A19103F-16F7-4668-BE54-9A1E7A4F7556}") = "Algoritmos", "Algoritmos.csproj", "{095245AF-11BE-43A8-8EB8-F66F0EDC9142}"
EndProject
Global
	GlobalSection(SolutionConfigurationPlatforms) = preSolution
		Debug|Any CPU = Debug|Any CPU
		Release|Any CPU = Release|Any CPU
	EndGlobalSection
	GlobalSection(ProjectConfigurationPlatforms) = postSolution
		{095245AF-11BE-43A8-8EB8-F66F0EDC9142}.Debug|Any CPU.ActiveCfg = Debug|Any CPU
		{095245AF-11BE-43A8-8EB8-F66F0EDC9142}.Debug|Any CPU.Build.0 = Debug|Any CPU
		{095245AF-11BE-43A8-8EB8-F66F0EDC9142}.Release|Any CPU.ActiveCfg = Release|Any CPU
		{095245AF-11BE-43A8-8EB8-F66F0EDC9142}.Release|Any CPU.Build.0 = Release|Any CPU
	EndGlobalSection
	GlobalSection(SolutionProperties) = preSolution
		HideSolutionNode = FALSE
	EndGlobalSection
	GlobalSection(ExtensibilityGlobals) = postSolution
		SolutionGuid = {28E17EAC-90D6-4465-8425-664DE750FEB3}
	EndGlobalSection
EndGlobal
