
Microsoft Visual Studio Solution File, Format Version 12.00
# Visual Studio Version 17
VisualStudioVersion = 17.5.002.0
MinimumVisualStudioVersion = 10.0.40219.1
Project("{9A19103F-16F7-4668-BE54-9A1E7A4F7556}") = "actividad 5", "actividad 5.csproj", "{FD3FFB97-9267-4999-A3C8-77E1FAA36511}"
EndProject
Global
	GlobalSection(SolutionConfigurationPlatforms) = preSolution
		Debug|Any CPU = Debug|Any CPU
		Release|Any CPU = Release|Any CPU
	EndGlobalSection
	GlobalSection(ProjectConfigurationPlatforms) = postSolution
		{FD3FFB97-9267-4999-A3C8-77E1FAA36511}.Debug|Any CPU.ActiveCfg = Debug|Any CPU
		{FD3FFB97-9267-4999-A3C8-77E1FAA36511}.Debug|Any CPU.Build.0 = Debug|Any CPU
		{FD3FFB97-9267-4999-A3C8-77E1FAA36511}.Release|Any CPU.ActiveCfg = Release|Any CPU
		{FD3FFB97-9267-4999-A3C8-77E1FAA36511}.Release|Any CPU.Build.0 = Release|Any CPU
	EndGlobalSection
	GlobalSection(SolutionProperties) = preSolution
		HideSolutionNode = FALSE
	EndGlobalSection
	GlobalSection(ExtensibilityGlobals) = postSolution
		SolutionGuid = {FD689569-266A-4FC9-830E-76DD7352AD72}
	EndGlobalSection
EndGlobal
